// !$*UTF8*$!
{
	archiveVersion = 1;
	classes = {
	};
	objectVersion = 51;
	objects = {

/* Begin PBXBuildFile section */
		715A3D9C23AA74290071BC7F /* AdditionQuizVC.swift in Sources */ = {isa = PBXBuildFile; fileRef = 715A3D9B23AA74290071BC7F /* AdditionQuizVC.swift */; };
		715A3D9E23AA74410071BC7F /* MultiplicationQuizVC.swift in Sources */ = {isa = PBXBuildFile; fileRef = 715A3D9D23AA74410071BC7F /* MultiplicationQuizVC.swift */; };
		71715AC823A710F4007830BE /* AppDelegate.swift in Sources */ = {isa = PBXBuildFile; fileRef = 71715AC723A710F4007830BE /* AppDelegate.swift */; };
		71715ACA23A710F4007830BE /* MathQuiz.swift in Sources */ = {isa = PBXBuildFile; fileRef = 71715AC923A710F4007830BE /* MathQuiz.swift */; };
		71715ACD23A710F4007830BE /* Main.storyboard in Resources */ = {isa = PBXBuildFile; fileRef = 71715ACB23A710F4007830BE /* Main.storyboard */; };
		71715ACF23A710F7007830BE /* Assets.xcassets in Resources */ = {isa = PBXBuildFile; fileRef = 71715ACE23A710F7007830BE /* Assets.xcassets */; };
		71715AD223A710F7007830BE /* LaunchScreen.storyboard in Resources */ = {isa = PBXBuildFile; fileRef = 71715AD023A710F7007830BE /* LaunchScreen.storyboard */; };
		71EB2D6923BC7AC1009CFEF9 /* QuizMusic.mp3 in Resources */ = {isa = PBXBuildFile; fileRef = 71EB2D6823BC7AC1009CFEF9 /* QuizMusic.mp3 */; };
		71EB2D9323C30C3B009CFEF9 /* DivisionVC.swift in Sources */ = {isa = PBXBuildFile; fileRef = 71EB2D9223C30C3B009CFEF9 /* DivisionVC.swift */; };
		71EB2D9523C46138009CFEF9 /* SubtractionVC.swift in Sources */ = {isa = PBXBuildFile; fileRef = 71EB2D9423C46138009CFEF9 /* SubtractionVC.swift */; };
		71EB2D9823C5C577009CFEF9 /* DatabaseModel.swift in Sources */ = {isa = PBXBuildFile; fileRef = 71EB2D9723C5C577009CFEF9 /* DatabaseModel.swift */; };
		71EB2D9A23C5C602009CFEF9 /* UserDetailsModel.swift in Sources */ = {isa = PBXBuildFile; fileRef = 71EB2D9923C5C602009CFEF9 /* UserDetailsModel.swift */; };
		71EB2D9D23C64A9C009CFEF9 /* MathAnswers.db in Resources */ = {isa = PBXBuildFile; fileRef = 71EB2D9C23C64A9C009CFEF9 /* MathAnswers.db */; };
		71EB2D9F23C6CC07009CFEF9 /* MathModel.swift in Sources */ = {isa = PBXBuildFile; fileRef = 71EB2D9E23C6CC07009CFEF9 /* MathModel.swift */; };
		B7E2666771A1E2CC2981D0CE /* Pods_MathApp.framework in Frameworks */ = {isa = PBXBuildFile; fileRef = 8980D68F333FD59C6D5B6FC8 /* Pods_MathApp.framework */; };
/* End PBXBuildFile section */

/* Begin PBXFileReference section */
		5D9E9B3A62F8F35A3F83223C /* Pods-MathApp.debug.xcconfig */ = {isa = PBXFileReference; includeInIndex = 1; lastKnownFileType = text.xcconfig; name = "Pods-MathApp.debug.xcconfig"; path = "Target Support Files/Pods-MathApp/Pods-MathApp.debug.xcconfig"; sourceTree = "<group>"; };
		715A3D9B23AA74290071BC7F /* AdditionQuizVC.swift */ = {isa = PBXFileReference; lastKnownFileType = sourcecode.swift; path = AdditionQuizVC.swift; sourceTree = "<group>"; };
		715A3D9D23AA74410071BC7F /* MultiplicationQuizVC.swift */ = {isa = PBXFileReference; lastKnownFileType = sourcecode.swift; path = MultiplicationQuizVC.swift; sourceTree = "<group>"; };
		71715AC423A710F4007830BE /* MathApp.app */ = {isa = PBXFileReference; explicitFileType = wrapper.application; includeInIndex = 0; path = MathApp.app; sourceTree = BUILT_PRODUCTS_DIR; };
		71715AC723A710F4007830BE /* AppDelegate.swift */ = {isa = PBXFileReference; lastKnownFileType = sourcecode.swift; path = AppDelegate.swift; sourceTree = "<group>"; };
		71715AC923A710F4007830BE /* MathQuiz.swift */ = {isa = PBXFileReference; lastKnownFileType = sourcecode.swift; path = MathQuiz.swift; sourceTree = "<group>"; };
		71715ACC23A710F4007830BE /* Base */ = {isa = PBXFileReference; lastKnownFileType = file.storyboard; name = Base; path = Base.lproj/Main.storyboard; sourceTree = "<group>"; };
		71715ACE23A710F7007830BE /* Assets.xcassets */ = {isa = PBXFileReference; lastKnownFileType = folder.assetcatalog; path = Assets.xcassets; sourceTree = "<group>"; };
		71715AD123A710F7007830BE /* Base */ = {isa = PBXFileReference; lastKnownFileType = file.storyboard; name = Base; path = Base.lproj/LaunchScreen.storyboard; sourceTree = "<group>"; };
		71715AD323A710F7007830BE /* Info.plist */ = {isa = PBXFileReference; lastKnownFileType = text.plist.xml; path = Info.plist; sourceTree = "<group>"; };
		71EB2D6823BC7AC1009CFEF9 /* QuizMusic.mp3 */ = {isa = PBXFileReference; lastKnownFileType = audio.mp3; path = QuizMusic.mp3; sourceTree = "<group>"; };
		71EB2D9223C30C3B009CFEF9 /* DivisionVC.swift */ = {isa = PBXFileReference; lastKnownFileType = sourcecode.swift; path = DivisionVC.swift; sourceTree = "<group>"; };
		71EB2D9423C46138009CFEF9 /* SubtractionVC.swift */ = {isa = PBXFileReference; lastKnownFileType = sourcecode.swift; path = SubtractionVC.swift; sourceTree = "<group>"; };
		71EB2D9723C5C577009CFEF9 /* DatabaseModel.swift */ = {isa = PBXFileReference; lastKnownFileType = sourcecode.swift; path = DatabaseModel.swift; sourceTree = "<group>"; };
		71EB2D9923C5C602009CFEF9 /* UserDetailsModel.swift */ = {isa = PBXFileReference; lastKnownFileType = sourcecode.swift; path = UserDetailsModel.swift; sourceTree = "<group>"; };
		71EB2D9C23C64A9C009CFEF9 /* MathAnswers.db */ = {isa = PBXFileReference; lastKnownFileType = file; path = MathAnswers.db; sourceTree = "<group>"; };
		71EB2D9E23C6CC07009CFEF9 /* MathModel.swift */ = {isa = PBXFileReference; lastKnownFileType = sourcecode.swift; path = MathModel.swift; sourceTree = "<group>"; };
		8980D68F333FD59C6D5B6FC8 /* Pods_MathApp.framework */ = {isa = PBXFileReference; explicitFileType = wrapper.framework; includeInIndex = 0; path = Pods_MathApp.framework; sourceTree = BUILT_PRODUCTS_DIR; };
		F8DAD274F74C9F96DC279916 /* Pods-MathApp.release.xcconfig */ = {isa = PBXFileReference; includeInIndex = 1; lastKnownFileType = text.xcconfig; name = "Pods-MathApp.release.xcconfig"; path = "Target Support Files/Pods-MathApp/Pods-MathApp.release.xcconfig"; sourceTree = "<group>"; };
/* End PBXFileReference section */

/* Begin PBXFrameworksBuildPhase section */
		71715AC123A710F4007830BE /* Frameworks */ = {
			isa = PBXFrameworksBuildPhase;
			buildActionMask = 2147483647;
			files = (
				B7E2666771A1E2CC2981D0CE /* Pods_MathApp.framework in Frameworks */,
			);
			runOnlyForDeploymentPostprocessing = 0;
		};
/* End PBXFrameworksBuildPhase section */

/* Begin PBXGroup section */
		675B29D5339AFD7EEE3D9AFD /* Pods */ = {
			isa = PBXGroup;
			children = (
				5D9E9B3A62F8F35A3F83223C /* Pods-MathApp.debug.xcconfig */,
				F8DAD274F74C9F96DC279916 /* Pods-MathApp.release.xcconfig */,
			);
			path = Pods;
			sourceTree = "<group>";
		};
		71715ABB23A710F4007830BE = {
			isa = PBXGroup;
			children = (
				71715AC623A710F4007830BE /* MathApp */,
				71715AC523A710F4007830BE /* Products */,
				675B29D5339AFD7EEE3D9AFD /* Pods */,
				91F9ADB0117B2739FC79D10B /* Frameworks */,
			);
			sourceTree = "<group>";
		};
		71715AC523A710F4007830BE /* Products */ = {
			isa = PBXGroup;
			children = (
				71715AC423A710F4007830BE /* MathApp.app */,
			);
			name = Products;
			sourceTree = "<group>";
		};
		71715AC623A710F4007830BE /* MathApp */ = {
			isa = PBXGroup;
			children = (
				71EB2D9C23C64A9C009CFEF9 /* MathAnswers.db */,
				71EB2D6823BC7AC1009CFEF9 /* QuizMusic.mp3 */,
				71715AC723A710F4007830BE /* AppDelegate.swift */,
				71EB2D9B23C5C633009CFEF9 /* Database */,
				71EB2D9623C5C48F009CFEF9 /* ViewControllers */,
				71715ACB23A710F4007830BE /* Main.storyboard */,
				71715ACE23A710F7007830BE /* Assets.xcassets */,
				71715AD023A710F7007830BE /* LaunchScreen.storyboard */,
				71715AD323A710F7007830BE /* Info.plist */,
			);
			path = MathApp;
			sourceTree = "<group>";
		};
		71EB2D9623C5C48F009CFEF9 /* ViewControllers */ = {
			isa = PBXGroup;
			children = (
				71715AC923A710F4007830BE /* MathQuiz.swift */,
				715A3D9B23AA74290071BC7F /* AdditionQuizVC.swift */,
				71EB2D9223C30C3B009CFEF9 /* DivisionVC.swift */,
				71EB2D9423C46138009CFEF9 /* SubtractionVC.swift */,
				715A3D9D23AA74410071BC7F /* MultiplicationQuizVC.swift */,
			);
			path = ViewControllers;
			sourceTree = "<group>";
		};
		71EB2D9B23C5C633009CFEF9 /* Database */ = {
			isa = PBXGroup;
			children = (
				71EB2D9E23C6CC07009CFEF9 /* MathModel.swift */,
				71EB2D9923C5C602009CFEF9 /* UserDetailsModel.swift */,
				71EB2D9723C5C577009CFEF9 /* DatabaseModel.swift */,
			);
			path = Database;
			sourceTree = "<group>";
		};
		91F9ADB0117B2739FC79D10B /* Frameworks */ = {
			isa = PBXGroup;
			children = (
				8980D68F333FD59C6D5B6FC8 /* Pods_MathApp.framework */,
			);
			name = Frameworks;
			sourceTree = "<group>";
		};
/* End PBXGroup section */

/* Begin PBXNativeTarget section */
		71715AC323A710F4007830BE /* MathApp */ = {
			isa = PBXNativeTarget;
			buildConfigurationList = 71715AD623A710F7007830BE /* Build configuration list for PBXNativeTarget "MathApp" */;
			buildPhases = (
				A8FDD3EC368C656F39AE70C9 /* [CP] Check Pods Manifest.lock */,
				71715AC023A710F4007830BE /* Sources */,
				71715AC123A710F4007830BE /* Frameworks */,
				71715AC223A710F4007830BE /* Resources */,
				9153F8D71D6CCF7B02961839 /* [CP] Embed Pods Frameworks */,
			);
			buildRules = (
			);
			dependencies = (
			);
			name = MathApp;
			productName = MathApp;
			productReference = 71715AC423A710F4007830BE /* MathApp.app */;
			productType = "com.apple.product-type.application";
		};
/* End PBXNativeTarget section */

/* Begin PBXProject section */
		71715ABC23A710F4007830BE /* Project object */ = {
			isa = PBXProject;
			attributes = {
				LastSwiftUpdateCheck = 1020;
				LastUpgradeCheck = 1020;
				ORGANIZATIONNAME = Gabriel;
				TargetAttributes = {
					71715AC323A710F4007830BE = {
						CreatedOnToolsVersion = 10.2;
					};
				};
			};
			buildConfigurationList = 71715ABF23A710F4007830BE /* Build configuration list for PBXProject "MathApp" */;
			compatibilityVersion = "Xcode 9.3";
			developmentRegion = en;
			hasScannedForEncodings = 0;
			knownRegions = (
				en,
				Base,
			);
			mainGroup = 71715ABB23A710F4007830BE;
			productRefGroup = 71715AC523A710F4007830BE /* Products */;
			projectDirPath = "";
			projectRoot = "";
			targets = (
				71715AC323A710F4007830BE /* MathApp */,
			);
		};
/* End PBXProject section */

/* Begin PBXResourcesBuildPhase section */
		71715AC223A710F4007830BE /* Resources */ = {
			isa = PBXResourcesBuildPhase;
			buildActionMask = 2147483647;
			files = (
				71EB2D9D23C64A9C009CFEF9 /* MathAnswers.db in Resources */,
				71715AD223A710F7007830BE /* LaunchScreen.storyboard in Resources */,
				71EB2D6923BC7AC1009CFEF9 /* QuizMusic.mp3 in Resources */,
				71715ACF23A710F7007830BE /* Assets.xcassets in Resources */,
				71715ACD23A710F4007830BE /* Main.storyboard in Resources */,
			);
			runOnlyForDeploymentPostprocessing = 0;
		};
/* End PBXResourcesBuildPhase section */

/* Begin PBXShellScriptBuildPhase section */
		9153F8D71D6CCF7B02961839 /* [CP] Embed Pods Frameworks */ = {
			isa = PBXShellScriptBuildPhase;
			buildActionMask = 2147483647;
			files = (
			);
			inputFileListPaths = (
				"${PODS_ROOT}/Target Support Files/Pods-MathApp/Pods-MathApp-frameworks-${CONFIGURATION}-input-files.xcfilelist",
			);
			name = "[CP] Embed Pods Frameworks";
			outputFileListPaths = (
				"${PODS_ROOT}/Target Support Files/Pods-MathApp/Pods-MathApp-frameworks-${CONFIGURATION}-output-files.xcfilelist",
			);
			runOnlyForDeploymentPostprocessing = 0;
			shellPath = /bin/sh;
			shellScript = "\"${PODS_ROOT}/Target Support Files/Pods-MathApp/Pods-MathApp-frameworks.sh\"\n";
			showEnvVarsInLog = 0;
		};
		A8FDD3EC368C656F39AE70C9 /* [CP] Check Pods Manifest.lock */ = {
			isa = PBXShellScriptBuildPhase;
			buildActionMask = 2147483647;
			files = (
			);
			inputFileListPaths = (
			);
			inputPaths = (
				"${PODS_PODFILE_DIR_PATH}/Podfile.lock",
				"${PODS_ROOT}/Manifest.lock",
			);
			name = "[CP] Check Pods Manifest.lock";
			outputFileListPaths = (
			);
			outputPaths = (
				"$(DERIVED_FILE_DIR)/Pods-MathApp-checkManifestLockResult.txt",
			);
			runOnlyForDeploymentPostprocessing = 0;
			shellPath = /bin/sh;
			shellScript = "diff \"${PODS_PODFILE_DIR_PATH}/Podfile.lock\" \"${PODS_ROOT}/Manifest.lock\" > /dev/null\nif [ $? != 0 ] ; then\n    # print error to STDERR\n    echo \"error: The sandbox is not in sync with the Podfile.lock. Run 'pod install' or update your CocoaPods installation.\" >&2\n    exit 1\nfi\n# This output is used by Xcode 'outputs' to avoid re-running this script phase.\necho \"SUCCESS\" > \"${SCRIPT_OUTPUT_FILE_0}\"\n";
			showEnvVarsInLog = 0;
		};
/* End PBXShellScriptBuildPhase section */

/* Begin PBXSourcesBuildPhase section */
		71715AC023A710F4007830BE /* Sources */ = {
			isa = PBXSourcesBuildPhase;
			buildActionMask = 2147483647;
			files = (
				71715ACA23A710F4007830BE /* MathQuiz.swift in Sources */,
				71EB2D9F23C6CC07009CFEF9 /* MathModel.swift in Sources */,
				71EB2D9523C46138009CFEF9 /* SubtractionVC.swift in Sources */,
				715A3D9E23AA74410071BC7F /* MultiplicationQuizVC.swift in Sources */,
				715A3D9C23AA74290071BC7F /* AdditionQuizVC.swift in Sources */,
				71715AC823A710F4007830BE /* AppDelegate.swift in Sources */,
				71EB2D9823C5C577009CFEF9 /* DatabaseModel.swift in Sources */,
				71EB2D9323C30C3B009CFEF9 /* DivisionVC.swift in Sources */,
				71EB2D9A23C5C602009CFEF9 /* UserDetailsModel.swift in Sources */,
			);
			runOnlyForDeploymentPostprocessing = 0;
		};
/* End PBXSourcesBuildPhase section */

/* Begin PBXVariantGroup section */
		71715ACB23A710F4007830BE /* Main.storyboard */ = {
			isa = PBXVariantGroup;
			children = (
				71715ACC23A710F4007830BE /* Base */,
			);
			name = Main.storyboard;
			sourceTree = "<group>";
		};
		71715AD023A710F7007830BE /* LaunchScreen.storyboard */ = {
			isa = PBXVariantGroup;
			children = (
				71715AD123A710F7007830BE /* Base */,
			);
			name = LaunchScreen.storyboard;
			sourceTree = "<group>";
		};
/* End PBXVariantGroup section */

/* Begin XCBuildConfiguration section */
		71715AD423A710F7007830BE /* Debug */ = {
			isa = XCBuildConfiguration;
			buildSettings = {
				ALWAYS_SEARCH_USER_PATHS = NO;
				CLANG_ANALYZER_NONNULL = YES;
				CLANG_ANALYZER_NUMBER_OBJECT_CONVERSION = YES_AGGRESSIVE;
				CLANG_CXX_LANGUAGE_STANDARD = "gnu++14";
				CLANG_CXX_LIBRARY = "libc++";
				CLANG_ENABLE_MODULES = YES;
				CLANG_ENABLE_OBJC_ARC = YES;
				CLANG_ENABLE_OBJC_WEAK = YES;
				CLANG_WARN_BLOCK_CAPTURE_AUTORELEASING = YES;
				CLANG_WARN_BOOL_CONVERSION = YES;
				CLANG_WARN_COMMA = YES;
				CLANG_WARN_CONSTANT_CONVERSION = YES;
				CLANG_WARN_DEPRECATED_OBJC_IMPLEMENTATIONS = YES;
				CLANG_WARN_DIRECT_OBJC_ISA_USAGE = YES_ERROR;
				CLANG_WARN_DOCUMENTATION_COMMENTS = YES;
				CLANG_WARN_EMPTY_BODY = YES;
				CLANG_WARN_ENUM_CONVERSION = YES;
				CLANG_WARN_INFINITE_RECURSION = YES;
				CLANG_WARN_INT_CONVERSION = YES;
				CLANG_WARN_NON_LITERAL_NULL_CONVERSION = YES;
				CLANG_WARN_OBJC_IMPLICIT_RETAIN_SELF = YES;
				CLANG_WARN_OBJC_LITERAL_CONVERSION = YES;
				CLANG_WARN_OBJC_ROOT_CLASS = YES_ERROR;
				CLANG_WARN_RANGE_LOOP_ANALYSIS = YES;
				CLANG_WARN_STRICT_PROTOTYPES = YES;
				CLANG_WARN_SUSPICIOUS_MOVE = YES;
				CLANG_WARN_UNGUARDED_AVAILABILITY = YES_AGGRESSIVE;
				CLANG_WARN_UNREACHABLE_CODE = YES;
				CLANG_WARN__DUPLICATE_METHOD_MATCH = YES;
				CODE_SIGN_IDENTITY = "iPhone Developer";
				COPY_PHASE_STRIP = NO;
				DEBUG_INFORMATION_FORMAT = dwarf;
				ENABLE_STRICT_OBJC_MSGSEND = YES;
				ENABLE_TESTABILITY = YES;
				GCC_C_LANGUAGE_STANDARD = gnu11;
				GCC_DYNAMIC_NO_PIC = NO;
				GCC_NO_COMMON_BLOCKS = YES;
				GCC_OPTIMIZATION_LEVEL = 0;
				GCC_PREPROCESSOR_DEFINITIONS = (
					"DEBUG=1",
					"$(inherited)",
				);
				GCC_WARN_64_TO_32_BIT_CONVERSION = YES;
				GCC_WARN_ABOUT_RETURN_TYPE = YES_ERROR;
				GCC_WARN_UNDECLARED_SELECTOR = YES;
				GCC_WARN_UNINITIALIZED_AUTOS = YES_AGGRESSIVE;
				GCC_WARN_UNUSED_FUNCTION = YES;
				GCC_WARN_UNUSED_VARIABLE = YES;
				IPHONEOS_DEPLOYMENT_TARGET = 12.2;
				MTL_ENABLE_DEBUG_INFO = INCLUDE_SOURCE;
				MTL_FAST_MATH = YES;
				ONLY_ACTIVE_ARCH = YES;
				SDKROOT = iphoneos;
				SWIFT_ACTIVE_COMPILATION_CONDITIONS = DEBUG;
				SWIFT_OPTIMIZATION_LEVEL = "-Onone";
			};
			name = Debug;
		};
		71715AD523A710F7007830BE /* Release */ = {
			isa = XCBuildConfiguration;
			buildSettings = {
				ALWAYS_SEARCH_USER_PATHS = NO;
				CLANG_ANALYZER_NONNULL = YES;
				CLANG_ANALYZER_NUMBER_OBJECT_CONVERSION = YES_AGGRESSIVE;
				CLANG_CXX_LANGUAGE_STANDARD = "gnu++14";
				CLANG_CXX_LIBRARY = "libc++";
				CLANG_ENABLE_MODULES = YES;
				CLANG_ENABLE_OBJC_ARC = YES;
				CLANG_ENABLE_OBJC_WEAK = YES;
				CLANG_WARN_BLOCK_CAPTURE_AUTORELEASING = YES;
				CLANG_WARN_BOOL_CONVERSION = YES;
				CLANG_WARN_COMMA = YES;
				CLANG_WARN_CONSTANT_CONVERSION = YES;
				CLANG_WARN_DEPRECATED_OBJC_IMPLEMENTATIONS = YES;
				CLANG_WARN_DIRECT_OBJC_ISA_USAGE = YES_ERROR;
				CLANG_WARN_DOCUMENTATION_COMMENTS = YES;
				CLANG_WARN_EMPTY_BODY = YES;
				CLANG_WARN_ENUM_CONVERSION = YES;
				CLANG_WARN_INFINITE_RECURSION = YES;
				CLANG_WARN_INT_CONVERSION = YES;
				CLANG_WARN_NON_LITERAL_NULL_CONVERSION = YES;
				CLANG_WARN_OBJC_IMPLICIT_RETAIN_SELF = YES;
				CLANG_WARN_OBJC_LITERAL_CONVERSION = YES;
				CLANG_WARN_OBJC_ROOT_CLASS = YES_ERROR;
				CLANG_WARN_RANGE_LOOP_ANALYSIS = YES;
				CLANG_WARN_STRICT_PROTOTYPES = YES;
				CLANG_WARN_SUSPICIOUS_MOVE = YES;
				CLANG_WARN_UNGUARDED_AVAILABILITY = YES_AGGRESSIVE;
				CLANG_WARN_UNREACHABLE_CODE = YES;
				CLANG_WARN__DUPLICATE_METHOD_MATCH = YES;
				CODE_SIGN_IDENTITY = "iPhone Developer";
				COPY_PHASE_STRIP = NO;
				DEBUG_INFORMATION_FORMAT = "dwarf-with-dsym";
				ENABLE_NS_ASSERTIONS = NO;
				ENABLE_STRICT_OBJC_MSGSEND = YES;
				GCC_C_LANGUAGE_STANDARD = gnu11;
				GCC_NO_COMMON_BLOCKS = YES;
				GCC_WARN_64_TO_32_BIT_CONVERSION = YES;
				GCC_WARN_ABOUT_RETURN_TYPE = YES_ERROR;
				GCC_WARN_UNDECLARED_SELECTOR = YES;
				GCC_WARN_UNINITIALIZED_AUTOS = YES_AGGRESSIVE;
				GCC_WARN_UNUSED_FUNCTION = YES;
				GCC_WARN_UNUSED_VARIABLE = YES;
				IPHONEOS_DEPLOYMENT_TARGET = 12.2;
				MTL_ENABLE_DEBUG_INFO = NO;
				MTL_FAST_MATH = YES;
				SDKROOT = iphoneos;
				SWIFT_COMPILATION_MODE = wholemodule;
				SWIFT_OPTIMIZATION_LEVEL = "-O";
				VALIDATE_PRODUCT = YES;
			};
			name = Release;
		};
		71715AD723A710F7007830BE /* Debug */ = {
			isa = XCBuildConfiguration;
			baseConfigurationReference = 5D9E9B3A62F8F35A3F83223C /* Pods-MathApp.debug.xcconfig */;
			buildSettings = {
				ASSETCATALOG_COMPILER_APPICON_NAME = AppIcon;
				CODE_SIGN_STYLE = Automatic;
				INFOPLIST_FILE = MathApp/Info.plist;
				LD_RUNPATH_SEARCH_PATHS = (
					"$(inherited)",
					"@executable_path/Frameworks",
				);
				PRODUCT_BUNDLE_IDENTIFIER = tech.GabrielEspinosa.MathApp;
				PRODUCT_NAME = "$(TARGET_NAME)";
				SWIFT_VERSION = 5.0;
				TARGETED_DEVICE_FAMILY = "1,2";
			};
			name = Debug;
		};
		71715AD823A710F7007830BE /* Release */ = {
			isa = XCBuildConfiguration;
			baseConfigurationReference = F8DAD274F74C9F96DC279916 /* Pods-MathApp.release.xcconfig */;
			buildSettings = {
				ASSETCATALOG_COMPILER_APPICON_NAME = AppIcon;
				CODE_SIGN_STYLE = Automatic;
				INFOPLIST_FILE = MathApp/Info.plist;
				LD_RUNPATH_SEARCH_PATHS = (
					"$(inherited)",
					"@executable_path/Frameworks",
				);
				PRODUCT_BUNDLE_IDENTIFIER = tech.GabrielEspinosa.MathApp;
				PRODUCT_NAME = "$(TARGET_NAME)";
				SWIFT_VERSION = 5.0;
				TARGETED_DEVICE_FAMILY = "1,2";
			};
			name = Release;
		};
/* End XCBuildConfiguration section */

/* Begin XCConfigurationList section */
		71715ABF23A710F4007830BE /* Build configuration list for PBXProject "MathApp" */ = {
			isa = XCConfigurationList;
			buildConfigurations = (
				71715AD423A710F7007830BE /* Debug */,
				71715AD523A710F7007830BE /* Release */,
			);
			defaultConfigurationIsVisible = 0;
			defaultConfigurationName = Release;
		};
		71715AD623A710F7007830BE /* Build configuration list for PBXNativeTarget "MathApp" */ = {
			isa = XCConfigurationList;
			buildConfigurations = (
				71715AD723A710F7007830BE /* Debug */,
				71715AD823A710F7007830BE /* Release */,
			);
			defaultConfigurationIsVisible = 0;
			defaultConfigurationName = Release;
		};
/* End XCConfigurationList section */
	};
	rootObject = 71715ABC23A710F4007830BE /* Project object */;
}
